
Microsoft Visual Studio Solution File, Format Version 12.00
# Visual Studio 2012
Project("{FAE04EC0-301F-11D3-BF4B-00C04F79EFBC}") = "OpenClosePrinciple", "OpenClosePrinciple\OpenClosePrinciple.csproj", "{A6499F5D-9010-4005-98F7-717E5E82D6CE}"
EndProject
Global
	GlobalSection(SolutionConfigurationPlatforms) = preSolution
		Debug|Any CPU = Debug|Any CPU
		Release|Any CPU = Release|Any CPU
	EndGlobalSection
	GlobalSection(ProjectConfigurationPlatforms) = postSolution
		{A6499F5D-9010-4005-98F7-717E5E82D6CE}.Debug|Any CPU.ActiveCfg = Debug|Any CPU
		{A6499F5D-9010-4005-98F7-717E5E82D6CE}.Debug|Any CPU.Build.0 = Debug|Any CPU
		{A6499F5D-9010-4005-98F7-717E5E82D6CE}.Release|Any CPU.ActiveCfg = Release|Any CPU
		{A6499F5D-9010-4005-98F7-717E5E82D6CE}.Release|Any CPU.Build.0 = Release|Any CPU
	EndGlobalSection
	GlobalSection(SolutionProperties) = preSolution
		HideSolutionNode = FALSE
	EndGlobalSection
EndGlobal
